// !$*UTF8*$!
{
	archiveVersion = 1;
	classes = {
	};
	objectVersion = 50;
	objects = {

/* Begin PBXBuildFile section */
		E67C90402551ADB6004ECBF3 /* NBAPlayersApp.swift in Sources */ = {isa = PBXBuildFile; fileRef = E67C903F2551ADB6004ECBF3 /* NBAPlayersApp.swift */; };
		E67C90422551ADB6004ECBF3 /* NBAPlayerDetail.swift in Sources */ = {isa = PBXBuildFile; fileRef = E67C90412551ADB6004ECBF3 /* NBAPlayerDetail.swift */; };
		E67C90442551ADB9004ECBF3 /* Assets.xcassets in Resources */ = {isa = PBXBuildFile; fileRef = E67C90432551ADB9004ECBF3 /* Assets.xcassets */; };
		E67C90472551ADB9004ECBF3 /* Preview Assets.xcassets in Resources */ = {isa = PBXBuildFile; fileRef = E67C90462551ADB9004ECBF3 /* Preview Assets.xcassets */; };
		E67C90522551ADB9004ECBF3 /* NBAPlayersTests.swift in Sources */ = {isa = PBXBuildFile; fileRef = E67C90512551ADB9004ECBF3 /* NBAPlayersTests.swift */; };
		E67C905D2551ADB9004ECBF3 /* NBAPlayersUITests.swift in Sources */ = {isa = PBXBuildFile; fileRef = E67C905C2551ADB9004ECBF3 /* NBAPlayersUITests.swift */; };
		E67C90752552A420004ECBF3 /* PlayerDetailStatsView.swift in Sources */ = {isa = PBXBuildFile; fileRef = E67C90742552A420004ECBF3 /* PlayerDetailStatsView.swift */; };
		E67C907A2552AFC7004ECBF3 /* PlayerCell.swift in Sources */ = {isa = PBXBuildFile; fileRef = E67C90792552AFC7004ECBF3 /* PlayerCell.swift */; };
		E67C907F2552C79A004ECBF3 /* Player.swift in Sources */ = {isa = PBXBuildFile; fileRef = E67C907E2552C79A004ECBF3 /* Player.swift */; };
		E67C90842552C8ED004ECBF3 /* PlayersList.swift in Sources */ = {isa = PBXBuildFile; fileRef = E67C90832552C8ED004ECBF3 /* PlayersList.swift */; };
/* End PBXBuildFile section */

/* Begin PBXContainerItemProxy section */
		E67C904E2551ADB9004ECBF3 /* PBXContainerItemProxy */ = {
			isa = PBXContainerItemProxy;
			containerPortal = E67C90342551ADB6004ECBF3 /* Project object */;
			proxyType = 1;
			remoteGlobalIDString = E67C903B2551ADB6004ECBF3;
			remoteInfo = NBAPlayers;
		};
		E67C90592551ADB9004ECBF3 /* PBXContainerItemProxy */ = {
			isa = PBXContainerItemProxy;
			containerPortal = E67C90342551ADB6004ECBF3 /* Project object */;
			proxyType = 1;
			remoteGlobalIDString = E67C903B2551ADB6004ECBF3;
			remoteInfo = NBAPlayers;
		};
/* End PBXContainerItemProxy section */

/* Begin PBXFileReference section */
		E67C903C2551ADB6004ECBF3 /* NBAPlayers.app */ = {isa = PBXFileReference; explicitFileType = wrapper.application; includeInIndex = 0; path = NBAPlayers.app; sourceTree = BUILT_PRODUCTS_DIR; };
		E67C903F2551ADB6004ECBF3 /* NBAPlayersApp.swift */ = {isa = PBXFileReference; lastKnownFileType = sourcecode.swift; path = NBAPlayersApp.swift; sourceTree = "<group>"; };
		E67C90412551ADB6004ECBF3 /* NBAPlayerDetail.swift */ = {isa = PBXFileReference; lastKnownFileType = sourcecode.swift; path = NBAPlayerDetail.swift; sourceTree = "<group>"; };
		E67C90432551ADB9004ECBF3 /* Assets.xcassets */ = {isa = PBXFileReference; lastKnownFileType = folder.assetcatalog; path = Assets.xcassets; sourceTree = "<group>"; };
		E67C90462551ADB9004ECBF3 /* Preview Assets.xcassets */ = {isa = PBXFileReference; lastKnownFileType = folder.assetcatalog; path = "Preview Assets.xcassets"; sourceTree = "<group>"; };
		E67C90482551ADB9004ECBF3 /* Info.plist */ = {isa = PBXFileReference; lastKnownFileType = text.plist.xml; path = Info.plist; sourceTree = "<group>"; };
		E67C904D2551ADB9004ECBF3 /* NBAPlayersTests.xctest */ = {isa = PBXFileReference; explicitFileType = wrapper.cfbundle; includeInIndex = 0; path = NBAPlayersTests.xctest; sourceTree = BUILT_PRODUCTS_DIR; };
		E67C90512551ADB9004ECBF3 /* NBAPlayersTests.swift */ = {isa = PBXFileReference; lastKnownFileType = sourcecode.swift; path = NBAPlayersTests.swift; sourceTree = "<group>"; };
		E67C90532551ADB9004ECBF3 /* Info.plist */ = {isa = PBXFileReference; lastKnownFileType = text.plist.xml; path = Info.plist; sourceTree = "<group>"; };
		E67C90582551ADB9004ECBF3 /* NBAPlayersUITests.xctest */ = {isa = PBXFileReference; explicitFileType = wrapper.cfbundle; includeInIndex = 0; path = NBAPlayersUITests.xctest; sourceTree = BUILT_PRODUCTS_DIR; };
		E67C905C2551ADB9004ECBF3 /* NBAPlayersUITests.swift */ = {isa = PBXFileReference; lastKnownFileType = sourcecode.swift; path = NBAPlayersUITests.swift; sourceTree = "<group>"; };
		E67C905E2551ADB9004ECBF3 /* Info.plist */ = {isa = PBXFileReference; lastKnownFileType = text.plist.xml; path = Info.plist; sourceTree = "<group>"; };
		E67C90742552A420004ECBF3 /* PlayerDetailStatsView.swift */ = {isa = PBXFileReference; lastKnownFileType = sourcecode.swift; path = PlayerDetailStatsView.swift; sourceTree = "<group>"; };
		E67C90792552AFC7004ECBF3 /* PlayerCell.swift */ = {isa = PBXFileReference; lastKnownFileType = sourcecode.swift; path = PlayerCell.swift; sourceTree = "<group>"; };
		E67C907E2552C79A004ECBF3 /* Player.swift */ = {isa = PBXFileReference; fileEncoding = 4; lastKnownFileType = sourcecode.swift; path = Player.swift; sourceTree = "<group>"; };
		E67C90832552C8ED004ECBF3 /* PlayersList.swift */ = {isa = PBXFileReference; lastKnownFileType = sourcecode.swift; path = PlayersList.swift; sourceTree = "<group>"; };
/* End PBXFileReference section */

/* Begin PBXFrameworksBuildPhase section */
		E67C90392551ADB6004ECBF3 /* Frameworks */ = {
			isa = PBXFrameworksBuildPhase;
			buildActionMask = 2147483647;
			files = (
			);
			runOnlyForDeploymentPostprocessing = 0;
		};
		E67C904A2551ADB9004ECBF3 /* Frameworks */ = {
			isa = PBXFrameworksBuildPhase;
			buildActionMask = 2147483647;
			files = (
			);
			runOnlyForDeploymentPostprocessing = 0;
		};
		E67C90552551ADB9004ECBF3 /* Frameworks */ = {
			isa = PBXFrameworksBuildPhase;
			buildActionMask = 2147483647;
			files = (
			);
			runOnlyForDeploymentPostprocessing = 0;
		};
/* End PBXFrameworksBuildPhase section */

/* Begin PBXGroup section */
		E67C90332551ADB6004ECBF3 = {
			isa = PBXGroup;
			children = (
				E67C903E2551ADB6004ECBF3 /* NBAPlayers */,
				E67C90502551ADB9004ECBF3 /* NBAPlayersTests */,
				E67C905B2551ADB9004ECBF3 /* NBAPlayersUITests */,
				E67C903D2551ADB6004ECBF3 /* Products */,
			);
			sourceTree = "<group>";
		};
		E67C903D2551ADB6004ECBF3 /* Products */ = {
			isa = PBXGroup;
			children = (
				E67C903C2551ADB6004ECBF3 /* NBAPlayers.app */,
				E67C904D2551ADB9004ECBF3 /* NBAPlayersTests.xctest */,
				E67C90582551ADB9004ECBF3 /* NBAPlayersUITests.xctest */,
			);
			name = Products;
			sourceTree = "<group>";
		};
		E67C903E2551ADB6004ECBF3 /* NBAPlayers */ = {
			isa = PBXGroup;
			children = (
				E67C903F2551ADB6004ECBF3 /* NBAPlayersApp.swift */,
				E67C90412551ADB6004ECBF3 /* NBAPlayerDetail.swift */,
				E67C90432551ADB9004ECBF3 /* Assets.xcassets */,
				E67C90482551ADB9004ECBF3 /* Info.plist */,
				E67C90452551ADB9004ECBF3 /* Preview Content */,
				E67C90742552A420004ECBF3 /* PlayerDetailStatsView.swift */,
				E67C907E2552C79A004ECBF3 /* Player.swift */,
				E67C90792552AFC7004ECBF3 /* PlayerCell.swift */,
				E67C90832552C8ED004ECBF3 /* PlayersList.swift */,
			);
			path = NBAPlayers;
			sourceTree = "<group>";
		};
		E67C90452551ADB9004ECBF3 /* Preview Content */ = {
			isa = PBXGroup;
			children = (
				E67C90462551ADB9004ECBF3 /* Preview Assets.xcassets */,
			);
			path = "Preview Content";
			sourceTree = "<group>";
		};
		E67C90502551ADB9004ECBF3 /* NBAPlayersTests */ = {
			isa = PBXGroup;
			children = (
				E67C90512551ADB9004ECBF3 /* NBAPlayersTests.swift */,
				E67C90532551ADB9004ECBF3 /* Info.plist */,
			);
			path = NBAPlayersTests;
			sourceTree = "<group>";
		};
		E67C905B2551ADB9004ECBF3 /* NBAPlayersUITests */ = {
			isa = PBXGroup;
			children = (
				E67C905C2551ADB9004ECBF3 /* NBAPlayersUITests.swift */,
				E67C905E2551ADB9004ECBF3 /* Info.plist */,
			);
			path = NBAPlayersUITests;
			sourceTree = "<group>";
		};
/* End PBXGroup section */

/* Begin PBXNativeTarget section */
		E67C903B2551ADB6004ECBF3 /* NBAPlayers */ = {
			isa = PBXNativeTarget;
			buildConfigurationList = E67C90612551ADB9004ECBF3 /* Build configuration list for PBXNativeTarget "NBAPlayers" */;
			buildPhases = (
				E67C90382551ADB6004ECBF3 /* Sources */,
				E67C90392551ADB6004ECBF3 /* Frameworks */,
				E67C903A2551ADB6004ECBF3 /* Resources */,
			);
			buildRules = (
			);
			dependencies = (
			);
			name = NBAPlayers;
			productName = NBAPlayers;
			productReference = E67C903C2551ADB6004ECBF3 /* NBAPlayers.app */;
			productType = "com.apple.product-type.application";
		};
		E67C904C2551ADB9004ECBF3 /* NBAPlayersTests */ = {
			isa = PBXNativeTarget;
			buildConfigurationList = E67C90642551ADB9004ECBF3 /* Build configuration list for PBXNativeTarget "NBAPlayersTests" */;
			buildPhases = (
				E67C90492551ADB9004ECBF3 /* Sources */,
				E67C904A2551ADB9004ECBF3 /* Frameworks */,
				E67C904B2551ADB9004ECBF3 /* Resources */,
			);
			buildRules = (
			);
			dependencies = (
				E67C904F2551ADB9004ECBF3 /* PBXTargetDependency */,
			);
			name = NBAPlayersTests;
			productName = NBAPlayersTests;
			productReference = E67C904D2551ADB9004ECBF3 /* NBAPlayersTests.xctest */;
			productType = "com.apple.product-type.bundle.unit-test";
		};
		E67C90572551ADB9004ECBF3 /* NBAPlayersUITests */ = {
			isa = PBXNativeTarget;
			buildConfigurationList = E67C90672551ADB9004ECBF3 /* Build configuration list for PBXNativeTarget "NBAPlayersUITests" */;
			buildPhases = (
				E67C90542551ADB9004ECBF3 /* Sources */,
				E67C90552551ADB9004ECBF3 /* Frameworks */,
				E67C90562551ADB9004ECBF3 /* Resources */,
			);
			buildRules = (
			);
			dependencies = (
				E67C905A2551ADB9004ECBF3 /* PBXTargetDependency */,
			);
			name = NBAPlayersUITests;
			productName = NBAPlayersUITests;
			productReference = E67C90582551ADB9004ECBF3 /* NBAPlayersUITests.xctest */;
			productType = "com.apple.product-type.bundle.ui-testing";
		};
/* End PBXNativeTarget section */

/* Begin PBXProject section */
		E67C90342551ADB6004ECBF3 /* Project object */ = {
			isa = PBXProject;
			attributes = {
				LastSwiftUpdateCheck = 1210;
				LastUpgradeCheck = 1210;
				TargetAttributes = {
					E67C903B2551ADB6004ECBF3 = {
						CreatedOnToolsVersion = 12.1;
					};
					E67C904C2551ADB9004ECBF3 = {
						CreatedOnToolsVersion = 12.1;
						TestTargetID = E67C903B2551ADB6004ECBF3;
					};
					E67C90572551ADB9004ECBF3 = {
						CreatedOnToolsVersion = 12.1;
						TestTargetID = E67C903B2551ADB6004ECBF3;
					};
				};
			};
			buildConfigurationList = E67C90372551ADB6004ECBF3 /* Build configuration list for PBXProject "NBAPlayers" */;
			compatibilityVersion = "Xcode 9.3";
			developmentRegion = en;
			hasScannedForEncodings = 0;
			knownRegions = (
				en,
				Base,
			);
			mainGroup = E67C90332551ADB6004ECBF3;
			productRefGroup = E67C903D2551ADB6004ECBF3 /* Products */;
			projectDirPath = "";
			projectRoot = "";
			targets = (
				E67C903B2551ADB6004ECBF3 /* NBAPlayers */,
				E67C904C2551ADB9004ECBF3 /* NBAPlayersTests */,
				E67C90572551ADB9004ECBF3 /* NBAPlayersUITests */,
			);
		};
/* End PBXProject section */

/* Begin PBXResourcesBuildPhase section */
		E67C903A2551ADB6004ECBF3 /* Resources */ = {
			isa = PBXResourcesBuildPhase;
			buildActionMask = 2147483647;
			files = (
				E67C90472551ADB9004ECBF3 /* Preview Assets.xcassets in Resources */,
				E67C90442551ADB9004ECBF3 /* Assets.xcassets in Resources */,
			);
			runOnlyForDeploymentPostprocessing = 0;
		};
		E67C904B2551ADB9004ECBF3 /* Resources */ = {
			isa = PBXResourcesBuildPhase;
			buildActionMask = 2147483647;
			files = (
			);
			runOnlyForDeploymentPostprocessing = 0;
		};
		E67C90562551ADB9004ECBF3 /* Resources */ = {
			isa = PBXResourcesBuildPhase;
			buildActionMask = 2147483647;
			files = (
			);
			runOnlyForDeploymentPostprocessing = 0;
		};
/* End PBXResourcesBuildPhase section */

/* Begin PBXSourcesBuildPhase section */
		E67C90382551ADB6004ECBF3 /* Sources */ = {
			isa = PBXSourcesBuildPhase;
			buildActionMask = 2147483647;
			files = (
				E67C907A2552AFC7004ECBF3 /* PlayerCell.swift in Sources */,
				E67C90422551ADB6004ECBF3 /* NBAPlayerDetail.swift in Sources */,
				E67C90752552A420004ECBF3 /* PlayerDetailStatsView.swift in Sources */,
				E67C907F2552C79A004ECBF3 /* Player.swift in Sources */,
				E67C90842552C8ED004ECBF3 /* PlayersList.swift in Sources */,
				E67C90402551ADB6004ECBF3 /* NBAPlayersApp.swift in Sources */,
			);
			runOnlyForDeploymentPostprocessing = 0;
		};
		E67C90492551ADB9004ECBF3 /* Sources */ = {
			isa = PBXSourcesBuildPhase;
			buildActionMask = 2147483647;
			files = (
				E67C90522551ADB9004ECBF3 /* NBAPlayersTests.swift in Sources */,
			);
			runOnlyForDeploymentPostprocessing = 0;
		};
		E67C90542551ADB9004ECBF3 /* Sources */ = {
			isa = PBXSourcesBuildPhase;
			buildActionMask = 2147483647;
			files = (
				E67C905D2551ADB9004ECBF3 /* NBAPlayersUITests.swift in Sources */,
			);
			runOnlyForDeploymentPostprocessing = 0;
		};
/* End PBXSourcesBuildPhase section */

/* Begin PBXTargetDependency section */
		E67C904F2551ADB9004ECBF3 /* PBXTargetDependency */ = {
			isa = PBXTargetDependency;
			target = E67C903B2551ADB6004ECBF3 /* NBAPlayers */;
			targetProxy = E67C904E2551ADB9004ECBF3 /* PBXContainerItemProxy */;
		};
		E67C905A2551ADB9004ECBF3 /* PBXTargetDependency */ = {
			isa = PBXTargetDependency;
			target = E67C903B2551ADB6004ECBF3 /* NBAPlayers */;
			targetProxy = E67C90592551ADB9004ECBF3 /* PBXContainerItemProxy */;
		};
/* End PBXTargetDependency section */

/* Begin XCBuildConfiguration section */
		E67C905F2551ADB9004ECBF3 /* Debug */ = {
			isa = XCBuildConfiguration;
			buildSettings = {
				ALWAYS_SEARCH_USER_PATHS = NO;
				CLANG_ANALYZER_NONNULL = YES;
				CLANG_ANALYZER_NUMBER_OBJECT_CONVERSION = YES_AGGRESSIVE;
				CLANG_CXX_LANGUAGE_STANDARD = "gnu++14";
				CLANG_CXX_LIBRARY = "libc++";
				CLANG_ENABLE_MODULES = YES;
				CLANG_ENABLE_OBJC_ARC = YES;
				CLANG_ENABLE_OBJC_WEAK = YES;
				CLANG_WARN_BLOCK_CAPTURE_AUTORELEASING = YES;
				CLANG_WARN_BOOL_CONVERSION = YES;
				CLANG_WARN_COMMA = YES;
				CLANG_WARN_CONSTANT_CONVERSION = YES;
				CLANG_WARN_DEPRECATED_OBJC_IMPLEMENTATIONS = YES;
				CLANG_WARN_DIRECT_OBJC_ISA_USAGE = YES_ERROR;
				CLANG_WARN_DOCUMENTATION_COMMENTS = YES;
				CLANG_WARN_EMPTY_BODY = YES;
				CLANG_WARN_ENUM_CONVERSION = YES;
				CLANG_WARN_INFINITE_RECURSION = YES;
				CLANG_WARN_INT_CONVERSION = YES;
				CLANG_WARN_NON_LITERAL_NULL_CONVERSION = YES;
				CLANG_WARN_OBJC_IMPLICIT_RETAIN_SELF = YES;
				CLANG_WARN_OBJC_LITERAL_CONVERSION = YES;
				CLANG_WARN_OBJC_ROOT_CLASS = YES_ERROR;
				CLANG_WARN_QUOTED_INCLUDE_IN_FRAMEWORK_HEADER = YES;
				CLANG_WARN_RANGE_LOOP_ANALYSIS = YES;
				CLANG_WARN_STRICT_PROTOTYPES = YES;
				CLANG_WARN_SUSPICIOUS_MOVE = YES;
				CLANG_WARN_UNGUARDED_AVAILABILITY = YES_AGGRESSIVE;
				CLANG_WARN_UNREACHABLE_CODE = YES;
				CLANG_WARN__DUPLICATE_METHOD_MATCH = YES;
				COPY_PHASE_STRIP = NO;
				DEBUG_INFORMATION_FORMAT = dwarf;
				ENABLE_STRICT_OBJC_MSGSEND = YES;
				ENABLE_TESTABILITY = YES;
				GCC_C_LANGUAGE_STANDARD = gnu11;
				GCC_DYNAMIC_NO_PIC = NO;
				GCC_NO_COMMON_BLOCKS = YES;
				GCC_OPTIMIZATION_LEVEL = 0;
				GCC_PREPROCESSOR_DEFINITIONS = (
					"DEBUG=1",
					"$(inherited)",
				);
				GCC_WARN_64_TO_32_BIT_CONVERSION = YES;
				GCC_WARN_ABOUT_RETURN_TYPE = YES_ERROR;
				GCC_WARN_UNDECLARED_SELECTOR = YES;
				GCC_WARN_UNINITIALIZED_AUTOS = YES_AGGRESSIVE;
				GCC_WARN_UNUSED_FUNCTION = YES;
				GCC_WARN_UNUSED_VARIABLE = YES;
				IPHONEOS_DEPLOYMENT_TARGET = 14.1;
				MTL_ENABLE_DEBUG_INFO = INCLUDE_SOURCE;
				MTL_FAST_MATH = YES;
				ONLY_ACTIVE_ARCH = YES;
				SDKROOT = iphoneos;
				SWIFT_ACTIVE_COMPILATION_CONDITIONS = DEBUG;
				SWIFT_OPTIMIZATION_LEVEL = "-Onone";
			};
			name = Debug;
		};
		E67C90602551ADB9004ECBF3 /* Release */ = {
			isa = XCBuildConfiguration;
			buildSettings = {
				ALWAYS_SEARCH_USER_PATHS = NO;
				CLANG_ANALYZER_NONNULL = YES;
				CLANG_ANALYZER_NUMBER_OBJECT_CONVERSION = YES_AGGRESSIVE;
				CLANG_CXX_LANGUAGE_STANDARD = "gnu++14";
				CLANG_CXX_LIBRARY = "libc++";
				CLANG_ENABLE_MODULES = YES;
				CLANG_ENABLE_OBJC_ARC = YES;
				CLANG_ENABLE_OBJC_WEAK = YES;
				CLANG_WARN_BLOCK_CAPTURE_AUTORELEASING = YES;
				CLANG_WARN_BOOL_CONVERSION = YES;
				CLANG_WARN_COMMA = YES;
				CLANG_WARN_CONSTANT_CONVERSION = YES;
				CLANG_WARN_DEPRECATED_OBJC_IMPLEMENTATIONS = YES;
				CLANG_WARN_DIRECT_OBJC_ISA_USAGE = YES_ERROR;
				CLANG_WARN_DOCUMENTATION_COMMENTS = YES;
				CLANG_WARN_EMPTY_BODY = YES;
				CLANG_WARN_ENUM_CONVERSION = YES;
				CLANG_WARN_INFINITE_RECURSION = YES;
				CLANG_WARN_INT_CONVERSION = YES;
				CLANG_WARN_NON_LITERAL_NULL_CONVERSION = YES;
				CLANG_WARN_OBJC_IMPLICIT_RETAIN_SELF = YES;
				CLANG_WARN_OBJC_LITERAL_CONVERSION = YES;
				CLANG_WARN_OBJC_ROOT_CLASS = YES_ERROR;
				CLANG_WARN_QUOTED_INCLUDE_IN_FRAMEWORK_HEADER = YES;
				CLANG_WARN_RANGE_LOOP_ANALYSIS = YES;
				CLANG_WARN_STRICT_PROTOTYPES = YES;
				CLANG_WARN_SUSPICIOUS_MOVE = YES;
				CLANG_WARN_UNGUARDED_AVAILABILITY = YES_AGGRESSIVE;
				CLANG_WARN_UNREACHABLE_CODE = YES;
				CLANG_WARN__DUPLICATE_METHOD_MATCH = YES;
				COPY_PHASE_STRIP = NO;
				DEBUG_INFORMATION_FORMAT = "dwarf-with-dsym";
				ENABLE_NS_ASSERTIONS = NO;
				ENABLE_STRICT_OBJC_MSGSEND = YES;
				GCC_C_LANGUAGE_STANDARD = gnu11;
				GCC_NO_COMMON_BLOCKS = YES;
				GCC_WARN_64_TO_32_BIT_CONVERSION = YES;
				GCC_WARN_ABOUT_RETURN_TYPE = YES_ERROR;
				GCC_WARN_UNDECLARED_SELECTOR = YES;
				GCC_WARN_UNINITIALIZED_AUTOS = YES_AGGRESSIVE;
				GCC_WARN_UNUSED_FUNCTION = YES;
				GCC_WARN_UNUSED_VARIABLE = YES;
				IPHONEOS_DEPLOYMENT_TARGET = 14.1;
				MTL_ENABLE_DEBUG_INFO = NO;
				MTL_FAST_MATH = YES;
				SDKROOT = iphoneos;
				SWIFT_COMPILATION_MODE = wholemodule;
				SWIFT_OPTIMIZATION_LEVEL = "-O";
				VALIDATE_PRODUCT = YES;
			};
			name = Release;
		};
		E67C90622551ADB9004ECBF3 /* Debug */ = {
			isa = XCBuildConfiguration;
			buildSettings = {
				ASSETCATALOG_COMPILER_APPICON_NAME = AppIcon;
				ASSETCATALOG_COMPILER_GLOBAL_ACCENT_COLOR_NAME = AccentColor;
				CODE_SIGN_STYLE = Automatic;
				DEVELOPMENT_ASSET_PATHS = "\"NBAPlayers/Preview Content\"";
				ENABLE_PREVIEWS = YES;
				INFOPLIST_FILE = NBAPlayers/Info.plist;
				IPHONEOS_DEPLOYMENT_TARGET = 14.0;
				LD_RUNPATH_SEARCH_PATHS = (
					"$(inherited)",
					"@executable_path/Frameworks",
				);
				PRODUCT_BUNDLE_IDENTIFIER = Location.NBAPlayers;
				PRODUCT_NAME = "$(TARGET_NAME)";
				SWIFT_VERSION = 5.0;
				TARGETED_DEVICE_FAMILY = "1,2";
			};
			name = Debug;
		};
		E67C90632551ADB9004ECBF3 /* Release */ = {
			isa = XCBuildConfiguration;
			buildSettings = {
				ASSETCATALOG_COMPILER_APPICON_NAME = AppIcon;
				ASSETCATALOG_COMPILER_GLOBAL_ACCENT_COLOR_NAME = AccentColor;
				CODE_SIGN_STYLE = Automatic;
				DEVELOPMENT_ASSET_PATHS = "\"NBAPlayers/Preview Content\"";
				ENABLE_PREVIEWS = YES;
				INFOPLIST_FILE = NBAPlayers/Info.plist;
				IPHONEOS_DEPLOYMENT_TARGET = 14.0;
				LD_RUNPATH_SEARCH_PATHS = (
					"$(inherited)",
					"@executable_path/Frameworks",
				);
				PRODUCT_BUNDLE_IDENTIFIER = Location.NBAPlayers;
				PRODUCT_NAME = "$(TARGET_NAME)";
				SWIFT_VERSION = 5.0;
				TARGETED_DEVICE_FAMILY = "1,2";
			};
			name = Release;
		};
		E67C90652551ADB9004ECBF3 /* Debug */ = {
			isa = XCBuildConfiguration;
			buildSettings = {
				ALWAYS_EMBED_SWIFT_STANDARD_LIBRARIES = YES;
				BUNDLE_LOADER = "$(TEST_HOST)";
				CODE_SIGN_STYLE = Automatic;
				INFOPLIST_FILE = NBAPlayersTests/Info.plist;
				IPHONEOS_DEPLOYMENT_TARGET = 14.0;
				LD_RUNPATH_SEARCH_PATHS = (
					"$(inherited)",
					"@executable_path/Frameworks",
					"@loader_path/Frameworks",
				);
				PRODUCT_BUNDLE_IDENTIFIER = Location.NBAPlayersTests;
				PRODUCT_NAME = "$(TARGET_NAME)";
				SWIFT_VERSION = 5.0;
				TARGETED_DEVICE_FAMILY = "1,2";
				TEST_HOST = "$(BUILT_PRODUCTS_DIR)/NBAPlayers.app/NBAPlayers";
			};
			name = Debug;
		};
		E67C90662551ADB9004ECBF3 /* Release */ = {
			isa = XCBuildConfiguration;
			buildSettings = {
				ALWAYS_EMBED_SWIFT_STANDARD_LIBRARIES = YES;
				BUNDLE_LOADER = "$(TEST_HOST)";
				CODE_SIGN_STYLE = Automatic;
				INFOPLIST_FILE = NBAPlayersTests/Info.plist;
				IPHONEOS_DEPLOYMENT_TARGET = 14.0;
				LD_RUNPATH_SEARCH_PATHS = (
					"$(inherited)",
					"@executable_path/Frameworks",
					"@loader_path/Frameworks",
				);
				PRODUCT_BUNDLE_IDENTIFIER = Location.NBAPlayersTests;
				PRODUCT_NAME = "$(TARGET_NAME)";
				SWIFT_VERSION = 5.0;
				TARGETED_DEVICE_FAMILY = "1,2";
				TEST_HOST = "$(BUILT_PRODUCTS_DIR)/NBAPlayers.app/NBAPlayers";
			};
			name = Release;
		};
		E67C90682551ADB9004ECBF3 /* Debug */ = {
			isa = XCBuildConfiguration;
			buildSettings = {
				ALWAYS_EMBED_SWIFT_STANDARD_LIBRARIES = YES;
				CODE_SIGN_STYLE = Automatic;
				INFOPLIST_FILE = NBAPlayersUITests/Info.plist;
				LD_RUNPATH_SEARCH_PATHS = (
					"$(inherited)",
					"@executable_path/Frameworks",
					"@loader_path/Frameworks",
				);
				PRODUCT_BUNDLE_IDENTIFIER = Location.NBAPlayersUITests;
				PRODUCT_NAME = "$(TARGET_NAME)";
				SWIFT_VERSION = 5.0;
				TARGETED_DEVICE_FAMILY = "1,2";
				TEST_TARGET_NAME = NBAPlayers;
			};
			name = Debug;
		};
		E67C90692551ADB9004ECBF3 /* Release */ = {
			isa = XCBuildConfiguration;
			buildSettings = {
				ALWAYS_EMBED_SWIFT_STANDARD_LIBRARIES = YES;
				CODE_SIGN_STYLE = Automatic;
				INFOPLIST_FILE = NBAPlayersUITests/Info.plist;
				LD_RUNPATH_SEARCH_PATHS = (
					"$(inherited)",
					"@executable_path/Frameworks",
					"@loader_path/Frameworks",
				);
				PRODUCT_BUNDLE_IDENTIFIER = Location.NBAPlayersUITests;
				PRODUCT_NAME = "$(TARGET_NAME)";
				SWIFT_VERSION = 5.0;
				TARGETED_DEVICE_FAMILY = "1,2";
				TEST_TARGET_NAME = NBAPlayers;
			};
			name = Release;
		};
/* End XCBuildConfiguration section */

/* Begin XCConfigurationList section */
		E67C90372551ADB6004ECBF3 /* Build configuration list for PBXProject "NBAPlayers" */ = {
			isa = XCConfigurationList;
			buildConfigurations = (
				E67C905F2551ADB9004ECBF3 /* Debug */,
				E67C90602551ADB9004ECBF3 /* Release */,
			);
			defaultConfigurationIsVisible = 0;
			defaultConfigurationName = Release;
		};
		E67C90612551ADB9004ECBF3 /* Build configuration list for PBXNativeTarget "NBAPlayers" */ = {
			isa = XCConfigurationList;
			buildConfigurations = (
				E67C90622551ADB9004ECBF3 /* Debug */,
				E67C90632551ADB9004ECBF3 /* Release */,
			);
			defaultConfigurationIsVisible = 0;
			defaultConfigurationName = Release;
		};
		E67C90642551ADB9004ECBF3 /* Build configuration list for PBXNativeTarget "NBAPlayersTests" */ = {
			isa = XCConfigurationList;
			buildConfigurations = (
				E67C90652551ADB9004ECBF3 /* Debug */,
				E67C90662551ADB9004ECBF3 /* Release */,
			);
			defaultConfigurationIsVisible = 0;
			defaultConfigurationName = Release;
		};
		E67C90672551ADB9004ECBF3 /* Build configuration list for PBXNativeTarget "NBAPlayersUITests" */ = {
			isa = XCConfigurationList;
			buildConfigurations = (
				E67C90682551ADB9004ECBF3 /* Debug */,
				E67C90692551ADB9004ECBF3 /* Release */,
			);
			defaultConfigurationIsVisible = 0;
			defaultConfigurationName = Release;
		};
/* End XCConfigurationList section */
	};
	rootObject = E67C90342551ADB6004ECBF3 /* Project object */;
}
